{
  "requires": true,
  "lockfileVersion": 1,
  "dependencies": {
    "ngx-cabernet": {
      "version": "file:../../cabernet-project/ngx-cabernet-0.0.1.tgz",
      "integrity": "sha512-bMwwEgxGORjX2oEmi6BgFLP+wV0nX3Or4wyzeS3Ld1X94fZ9bu1yd8x3VkX4CQLi9StvC/pQENJ4s3qAB0io0A==",
      "requires": {
        "tslib": "^2.0.0"
      }
    },
    "tslib": {
      "version": "2.3.1",
      "resolved": "https://registry.npmjs.org/tslib/-/tslib-2.3.1.tgz",
      "integrity": "sha512-77EbyPPpMz+FRFRuAFlWMtmgUWGe9UOG2Z25NqCwiIjRhOf5iKGuzSe5P2w1laq+FkRy4p+PCuVkJSGkzTEKVw=="
    }
  }
}
